{
  "name": "bg-atom-utils",
  "version": "1.1.0",
  "lockfileVersion": 1,
  "requires": true,
  "dependencies": {
    "esm": {
      "version": "3.2.25",
      "resolved": "https://registry.npmjs.org/esm/-/esm-3.2.25.tgz",
      "integrity": "sha512-U1suiZ2oDVWv4zPO56S0NcR5QriEahGtdN2OR6FiOG4WJvcjBVFB0qI4+eKoWFH483PKGuLuu6V8Z4T5g63UVA=="
    },
    "redom": {
      "version": "3.24.2",
      "resolved": "https://registry.npmjs.org/redom/-/redom-3.24.2.tgz",
      "integrity": "sha512-i3O9nrfBaTqNzU6bnRux/ng/6mVMQgWeNj/5lRPqmq8eehLX2na6UhlHkVphBEx92gs76UNWOxIjmyktyp6ZzQ=="
    }
  }
}
