{
  "name": "bg-atom-utils",
  "version": "1.0.2",
  "lockfileVersion": 1,
  "requires": true,
  "dependencies": {
    "redom": {
      "version": "3.24.2",
      "resolved": "https://registry.npmjs.org/redom/-/redom-3.24.2.tgz",
      "integrity": "sha512-i3O9nrfBaTqNzU6bnRux/ng/6mVMQgWeNj/5lRPqmq8eehLX2na6UhlHkVphBEx92gs76UNWOxIjmyktyp6ZzQ=="
    }
  }
}
